// !$*UTF8*$!
{
	archiveVersion = 1;
	classes = {
	};
	objectVersion = 50;
	objects = {

/* Begin PBXBuildFile section */
		BCCCF5D125CA1F290098579B /* BluetoothDemoTest1App.swift in Sources */ = {isa = PBXBuildFile; fileRef = BCCCF5D025CA1F290098579B /* BluetoothDemoTest1App.swift */; };
		BCCCF5D325CA1F290098579B /* ContentView.swift in Sources */ = {isa = PBXBuildFile; fileRef = BCCCF5D225CA1F290098579B /* ContentView.swift */; };
		BCCCF5D525CA1F2C0098579B /* Assets.xcassets in Resources */ = {isa = PBXBuildFile; fileRef = BCCCF5D425CA1F2C0098579B /* Assets.xcassets */; };
		BCCCF5D825CA1F2C0098579B /* Preview Assets.xcassets in Resources */ = {isa = PBXBuildFile; fileRef = BCCCF5D725CA1F2C0098579B /* Preview Assets.xcassets */; };
		BCCCF5E425CA20710098579B /* Bluetooth.swift in Sources */ = {isa = PBXBuildFile; fileRef = BCCCF5E325CA20710098579B /* Bluetooth.swift */; };
		BCCCF5E825CA208C0098579B /* DataParaser.swift in Sources */ = {isa = PBXBuildFile; fileRef = BCCCF5E725CA208C0098579B /* DataParaser.swift */; };
		BCCCF5EB25CA209C0098579B /* Extensions.swift in Sources */ = {isa = PBXBuildFile; fileRef = BCCCF5EA25CA209C0098579B /* Extensions.swift */; };
		BCCCF5EE25CA20AC0098579B /* Store.swift in Sources */ = {isa = PBXBuildFile; fileRef = BCCCF5ED25CA20AC0098579B /* Store.swift */; };
		BCCCF5F125CA20BE0098579B /* AppState.swift in Sources */ = {isa = PBXBuildFile; fileRef = BCCCF5F025CA20BE0098579B /* AppState.swift */; };
		BCCCF5F425CA20CB0098579B /* AppError.swift in Sources */ = {isa = PBXBuildFile; fileRef = BCCCF5F325CA20CB0098579B /* AppError.swift */; };
		BCCCF60325CA71CB0098579B /* HomeView.swift in Sources */ = {isa = PBXBuildFile; fileRef = BCCCF60225CA71CB0098579B /* HomeView.swift */; };
		BCCCF60625CA740F0098579B /* DeviceView.swift in Sources */ = {isa = PBXBuildFile; fileRef = BCCCF60525CA740F0098579B /* DeviceView.swift */; };
		BCCCF60925CA74230098579B /* WaveChartView.swift in Sources */ = {isa = PBXBuildFile; fileRef = BCCCF60825CA74230098579B /* WaveChartView.swift */; };
/* End PBXBuildFile section */

/* Begin PBXFileReference section */
		BCCCF5CD25CA1F290098579B /* BluetoothDemoTest1.app */ = {isa = PBXFileReference; explicitFileType = wrapper.application; includeInIndex = 0; path = BluetoothDemoTest1.app; sourceTree = BUILT_PRODUCTS_DIR; };
		BCCCF5D025CA1F290098579B /* BluetoothDemoTest1App.swift */ = {isa = PBXFileReference; lastKnownFileType = sourcecode.swift; path = BluetoothDemoTest1App.swift; sourceTree = "<group>"; };
		BCCCF5D225CA1F290098579B /* ContentView.swift */ = {isa = PBXFileReference; lastKnownFileType = sourcecode.swift; path = ContentView.swift; sourceTree = "<group>"; };
		BCCCF5D425CA1F2C0098579B /* Assets.xcassets */ = {isa = PBXFileReference; lastKnownFileType = folder.assetcatalog; path = Assets.xcassets; sourceTree = "<group>"; };
		BCCCF5D725CA1F2C0098579B /* Preview Assets.xcassets */ = {isa = PBXFileReference; lastKnownFileType = folder.assetcatalog; path = "Preview Assets.xcassets"; sourceTree = "<group>"; };
		BCCCF5D925CA1F2C0098579B /* Info.plist */ = {isa = PBXFileReference; lastKnownFileType = text.plist.xml; path = Info.plist; sourceTree = "<group>"; };
		BCCCF5E325CA20710098579B /* Bluetooth.swift */ = {isa = PBXFileReference; lastKnownFileType = sourcecode.swift; path = Bluetooth.swift; sourceTree = "<group>"; };
		BCCCF5E725CA208C0098579B /* DataParaser.swift */ = {isa = PBXFileReference; lastKnownFileType = sourcecode.swift; path = DataParaser.swift; sourceTree = "<group>"; };
		BCCCF5EA25CA209C0098579B /* Extensions.swift */ = {isa = PBXFileReference; lastKnownFileType = sourcecode.swift; path = Extensions.swift; sourceTree = "<group>"; };
		BCCCF5ED25CA20AC0098579B /* Store.swift */ = {isa = PBXFileReference; lastKnownFileType = sourcecode.swift; path = Store.swift; sourceTree = "<group>"; };
		BCCCF5F025CA20BE0098579B /* AppState.swift */ = {isa = PBXFileReference; lastKnownFileType = sourcecode.swift; path = AppState.swift; sourceTree = "<group>"; };
		BCCCF5F325CA20CB0098579B /* AppError.swift */ = {isa = PBXFileReference; lastKnownFileType = sourcecode.swift; path = AppError.swift; sourceTree = "<group>"; };
		BCCCF60225CA71CB0098579B /* HomeView.swift */ = {isa = PBXFileReference; lastKnownFileType = sourcecode.swift; path = HomeView.swift; sourceTree = "<group>"; };
		BCCCF60525CA740F0098579B /* DeviceView.swift */ = {isa = PBXFileReference; lastKnownFileType = sourcecode.swift; path = DeviceView.swift; sourceTree = "<group>"; };
		BCCCF60825CA74230098579B /* WaveChartView.swift */ = {isa = PBXFileReference; lastKnownFileType = sourcecode.swift; path = WaveChartView.swift; sourceTree = "<group>"; };
/* End PBXFileReference section */

/* Begin PBXFrameworksBuildPhase section */
		BCCCF5CA25CA1F290098579B /* Frameworks */ = {
			isa = PBXFrameworksBuildPhase;
			buildActionMask = 2147483647;
			files = (
			);
			runOnlyForDeploymentPostprocessing = 0;
		};
/* End PBXFrameworksBuildPhase section */

/* Begin PBXGroup section */
		BCCCF5C425CA1F290098579B = {
			isa = PBXGroup;
			children = (
				BCCCF5CF25CA1F290098579B /* BluetoothDemoTest1 */,
				BCCCF5CE25CA1F290098579B /* Products */,
			);
			sourceTree = "<group>";
		};
		BCCCF5CE25CA1F290098579B /* Products */ = {
			isa = PBXGroup;
			children = (
				BCCCF5CD25CA1F290098579B /* BluetoothDemoTest1.app */,
			);
			name = Products;
			sourceTree = "<group>";
		};
		BCCCF5CF25CA1F290098579B /* BluetoothDemoTest1 */ = {
			isa = PBXGroup;
			children = (
				BCCCF5E225CA20550098579B /* Utils */,
				BCCCF5E125CA204F0098579B /* View */,
				BCCCF5E025CA20470098579B /* Handle */,
				BCCCF5D025CA1F290098579B /* BluetoothDemoTest1App.swift */,
				BCCCF5D225CA1F290098579B /* ContentView.swift */,
				BCCCF5D425CA1F2C0098579B /* Assets.xcassets */,
				BCCCF5D925CA1F2C0098579B /* Info.plist */,
				BCCCF5D625CA1F2C0098579B /* Preview Content */,
			);
			path = BluetoothDemoTest1;
			sourceTree = "<group>";
		};
		BCCCF5D625CA1F2C0098579B /* Preview Content */ = {
			isa = PBXGroup;
			children = (
				BCCCF5D725CA1F2C0098579B /* Preview Assets.xcassets */,
			);
			path = "Preview Content";
			sourceTree = "<group>";
		};
		BCCCF5E025CA20470098579B /* Handle */ = {
			isa = PBXGroup;
			children = (
				BCCCF5ED25CA20AC0098579B /* Store.swift */,
				BCCCF5F025CA20BE0098579B /* AppState.swift */,
				BCCCF5F325CA20CB0098579B /* AppError.swift */,
			);
			path = Handle;
			sourceTree = "<group>";
		};
		BCCCF5E125CA204F0098579B /* View */ = {
			isa = PBXGroup;
			children = (
				BCCCF60225CA71CB0098579B /* HomeView.swift */,
				BCCCF60525CA740F0098579B /* DeviceView.swift */,
				BCCCF60825CA74230098579B /* WaveChartView.swift */,
			);
			path = View;
			sourceTree = "<group>";
		};
		BCCCF5E225CA20550098579B /* Utils */ = {
			isa = PBXGroup;
			children = (
				BCCCF5E325CA20710098579B /* Bluetooth.swift */,
				BCCCF5E725CA208C0098579B /* DataParaser.swift */,
				BCCCF5EA25CA209C0098579B /* Extensions.swift */,
			);
			path = Utils;
			sourceTree = "<group>";
		};
/* End PBXGroup section */

/* Begin PBXNativeTarget section */
		BCCCF5CC25CA1F290098579B /* BluetoothDemoTest1 */ = {
			isa = PBXNativeTarget;
			buildConfigurationList = BCCCF5DC25CA1F2C0098579B /* Build configuration list for PBXNativeTarget "BluetoothDemoTest1" */;
			buildPhases = (
				BCCCF5C925CA1F290098579B /* Sources */,
				BCCCF5CA25CA1F290098579B /* Frameworks */,
				BCCCF5CB25CA1F290098579B /* Resources */,
			);
			buildRules = (
			);
			dependencies = (
			);
			name = BluetoothDemoTest1;
			productName = BluetoothDemoTest1;
			productReference = BCCCF5CD25CA1F290098579B /* BluetoothDemoTest1.app */;
			productType = "com.apple.product-type.application";
		};
/* End PBXNativeTarget section */

/* Begin PBXProject section */
		BCCCF5C525CA1F290098579B /* Project object */ = {
			isa = PBXProject;
			attributes = {
				LastSwiftUpdateCheck = 1210;
				LastUpgradeCheck = 1210;
				TargetAttributes = {
					BCCCF5CC25CA1F290098579B = {
						CreatedOnToolsVersion = 12.1;
					};
				};
			};
			buildConfigurationList = BCCCF5C825CA1F290098579B /* Build configuration list for PBXProject "BluetoothDemoTest1" */;
			compatibilityVersion = "Xcode 9.3";
			developmentRegion = en;
			hasScannedForEncodings = 0;
			knownRegions = (
				en,
				Base,
			);
			mainGroup = BCCCF5C425CA1F290098579B;
			productRefGroup = BCCCF5CE25CA1F290098579B /* Products */;
			projectDirPath = "";
			projectRoot = "";
			targets = (
				BCCCF5CC25CA1F290098579B /* BluetoothDemoTest1 */,
			);
		};
/* End PBXProject section */

/* Begin PBXResourcesBuildPhase section */
		BCCCF5CB25CA1F290098579B /* Resources */ = {
			isa = PBXResourcesBuildPhase;
			buildActionMask = 2147483647;
			files = (
				BCCCF5D825CA1F2C0098579B /* Preview Assets.xcassets in Resources */,
				BCCCF5D525CA1F2C0098579B /* Assets.xcassets in Resources */,
			);
			runOnlyForDeploymentPostprocessing = 0;
		};
/* End PBXResourcesBuildPhase section */

/* Begin PBXSourcesBuildPhase section */
		BCCCF5C925CA1F290098579B /* Sources */ = {
			isa = PBXSourcesBuildPhase;
			buildActionMask = 2147483647;
			files = (
				BCCCF60325CA71CB0098579B /* HomeView.swift in Sources */,
				BCCCF60925CA74230098579B /* WaveChartView.swift in Sources */,
				BCCCF5EB25CA209C0098579B /* Extensions.swift in Sources */,
				BCCCF60625CA740F0098579B /* DeviceView.swift in Sources */,
				BCCCF5E825CA208C0098579B /* DataParaser.swift in Sources */,
				BCCCF5F125CA20BE0098579B /* AppState.swift in Sources */,
				BCCCF5D325CA1F290098579B /* ContentView.swift in Sources */,
				BCCCF5F425CA20CB0098579B /* AppError.swift in Sources */,
				BCCCF5EE25CA20AC0098579B /* Store.swift in Sources */,
				BCCCF5E425CA20710098579B /* Bluetooth.swift in Sources */,
				BCCCF5D125CA1F290098579B /* BluetoothDemoTest1App.swift in Sources */,
			);
			runOnlyForDeploymentPostprocessing = 0;
		};
/* End PBXSourcesBuildPhase section */

/* Begin XCBuildConfiguration section */
		BCCCF5DA25CA1F2C0098579B /* Debug */ = {
			isa = XCBuildConfiguration;
			buildSettings = {
				ALWAYS_SEARCH_USER_PATHS = NO;
				CLANG_ANALYZER_NONNULL = YES;
				CLANG_ANALYZER_NUMBER_OBJECT_CONVERSION = YES_AGGRESSIVE;
				CLANG_CXX_LANGUAGE_STANDARD = "gnu++14";
				CLANG_CXX_LIBRARY = "libc++";
				CLANG_ENABLE_MODULES = YES;
				CLANG_ENABLE_OBJC_ARC = YES;
				CLANG_ENABLE_OBJC_WEAK = YES;
				CLANG_WARN_BLOCK_CAPTURE_AUTORELEASING = YES;
				CLANG_WARN_BOOL_CONVERSION = YES;
				CLANG_WARN_COMMA = YES;
				CLANG_WARN_CONSTANT_CONVERSION = YES;
				CLANG_WARN_DEPRECATED_OBJC_IMPLEMENTATIONS = YES;
				CLANG_WARN_DIRECT_OBJC_ISA_USAGE = YES_ERROR;
				CLANG_WARN_DOCUMENTATION_COMMENTS = YES;
				CLANG_WARN_EMPTY_BODY = YES;
				CLANG_WARN_ENUM_CONVERSION = YES;
				CLANG_WARN_INFINITE_RECURSION = YES;
				CLANG_WARN_INT_CONVERSION = YES;
				CLANG_WARN_NON_LITERAL_NULL_CONVERSION = YES;
				CLANG_WARN_OBJC_IMPLICIT_RETAIN_SELF = YES;
				CLANG_WARN_OBJC_LITERAL_CONVERSION = YES;
				CLANG_WARN_OBJC_ROOT_CLASS = YES_ERROR;
				CLANG_WARN_QUOTED_INCLUDE_IN_FRAMEWORK_HEADER = YES;
				CLANG_WARN_RANGE_LOOP_ANALYSIS = YES;
				CLANG_WARN_STRICT_PROTOTYPES = YES;
				CLANG_WARN_SUSPICIOUS_MOVE = YES;
				CLANG_WARN_UNGUARDED_AVAILABILITY = YES_AGGRESSIVE;
				CLANG_WARN_UNREACHABLE_CODE = YES;
				CLANG_WARN__DUPLICATE_METHOD_MATCH = YES;
				COPY_PHASE_STRIP = NO;
				DEBUG_INFORMATION_FORMAT = dwarf;
				ENABLE_STRICT_OBJC_MSGSEND = YES;
				ENABLE_TESTABILITY = YES;
				GCC_C_LANGUAGE_STANDARD = gnu11;
				GCC_DYNAMIC_NO_PIC = NO;
				GCC_NO_COMMON_BLOCKS = YES;
				GCC_OPTIMIZATION_LEVEL = 0;
				GCC_PREPROCESSOR_DEFINITIONS = (
					"DEBUG=1",
					"$(inherited)",
				);
				GCC_WARN_64_TO_32_BIT_CONVERSION = YES;
				GCC_WARN_ABOUT_RETURN_TYPE = YES_ERROR;
				GCC_WARN_UNDECLARED_SELECTOR = YES;
				GCC_WARN_UNINITIALIZED_AUTOS = YES_AGGRESSIVE;
				GCC_WARN_UNUSED_FUNCTION = YES;
				GCC_WARN_UNUSED_VARIABLE = YES;
				IPHONEOS_DEPLOYMENT_TARGET = 14.1;
				MTL_ENABLE_DEBUG_INFO = INCLUDE_SOURCE;
				MTL_FAST_MATH = YES;
				ONLY_ACTIVE_ARCH = YES;
				SDKROOT = iphoneos;
				SWIFT_ACTIVE_COMPILATION_CONDITIONS = DEBUG;
				SWIFT_OPTIMIZATION_LEVEL = "-Onone";
			};
			name = Debug;
		};
		BCCCF5DB25CA1F2C0098579B /* Release */ = {
			isa = XCBuildConfiguration;
			buildSettings = {
				ALWAYS_SEARCH_USER_PATHS = NO;
				CLANG_ANALYZER_NONNULL = YES;
				CLANG_ANALYZER_NUMBER_OBJECT_CONVERSION = YES_AGGRESSIVE;
				CLANG_CXX_LANGUAGE_STANDARD = "gnu++14";
				CLANG_CXX_LIBRARY = "libc++";
				CLANG_ENABLE_MODULES = YES;
				CLANG_ENABLE_OBJC_ARC = YES;
				CLANG_ENABLE_OBJC_WEAK = YES;
				CLANG_WARN_BLOCK_CAPTURE_AUTORELEASING = YES;
				CLANG_WARN_BOOL_CONVERSION = YES;
				CLANG_WARN_COMMA = YES;
				CLANG_WARN_CONSTANT_CONVERSION = YES;
				CLANG_WARN_DEPRECATED_OBJC_IMPLEMENTATIONS = YES;
				CLANG_WARN_DIRECT_OBJC_ISA_USAGE = YES_ERROR;
				CLANG_WARN_DOCUMENTATION_COMMENTS = YES;
				CLANG_WARN_EMPTY_BODY = YES;
				CLANG_WARN_ENUM_CONVERSION = YES;
				CLANG_WARN_INFINITE_RECURSION = YES;
				CLANG_WARN_INT_CONVERSION = YES;
				CLANG_WARN_NON_LITERAL_NULL_CONVERSION = YES;
				CLANG_WARN_OBJC_IMPLICIT_RETAIN_SELF = YES;
				CLANG_WARN_OBJC_LITERAL_CONVERSION = YES;
				CLANG_WARN_OBJC_ROOT_CLASS = YES_ERROR;
				CLANG_WARN_QUOTED_INCLUDE_IN_FRAMEWORK_HEADER = YES;
				CLANG_WARN_RANGE_LOOP_ANALYSIS = YES;
				CLANG_WARN_STRICT_PROTOTYPES = YES;
				CLANG_WARN_SUSPICIOUS_MOVE = YES;
				CLANG_WARN_UNGUARDED_AVAILABILITY = YES_AGGRESSIVE;
				CLANG_WARN_UNREACHABLE_CODE = YES;
				CLANG_WARN__DUPLICATE_METHOD_MATCH = YES;
				COPY_PHASE_STRIP = NO;
				DEBUG_INFORMATION_FORMAT = "dwarf-with-dsym";
				ENABLE_NS_ASSERTIONS = NO;
				ENABLE_STRICT_OBJC_MSGSEND = YES;
				GCC_C_LANGUAGE_STANDARD = gnu11;
				GCC_NO_COMMON_BLOCKS = YES;
				GCC_WARN_64_TO_32_BIT_CONVERSION = YES;
				GCC_WARN_ABOUT_RETURN_TYPE = YES_ERROR;
				GCC_WARN_UNDECLARED_SELECTOR = YES;
				GCC_WARN_UNINITIALIZED_AUTOS = YES_AGGRESSIVE;
				GCC_WARN_UNUSED_FUNCTION = YES;
				GCC_WARN_UNUSED_VARIABLE = YES;
				IPHONEOS_DEPLOYMENT_TARGET = 14.1;
				MTL_ENABLE_DEBUG_INFO = NO;
				MTL_FAST_MATH = YES;
				SDKROOT = iphoneos;
				SWIFT_COMPILATION_MODE = wholemodule;
				SWIFT_OPTIMIZATION_LEVEL = "-O";
				VALIDATE_PRODUCT = YES;
			};
			name = Release;
		};
		BCCCF5DD25CA1F2C0098579B /* Debug */ = {
			isa = XCBuildConfiguration;
			buildSettings = {
				ASSETCATALOG_COMPILER_APPICON_NAME = AppIcon;
				ASSETCATALOG_COMPILER_GLOBAL_ACCENT_COLOR_NAME = AccentColor;
				CODE_SIGN_STYLE = Automatic;
				DEVELOPMENT_ASSET_PATHS = "\"BluetoothDemoTest1/Preview Content\"";
				DEVELOPMENT_TEAM = 4B5F6ELE34;
				ENABLE_PREVIEWS = YES;
				INFOPLIST_FILE = BluetoothDemoTest1/Info.plist;
				IPHONEOS_DEPLOYMENT_TARGET = 14.0;
				LD_RUNPATH_SEARCH_PATHS = (
					"$(inherited)",
					"@executable_path/Frameworks",
				);
				PRODUCT_BUNDLE_IDENTIFIER = com.rnd.BluetoothDemoTest1;
				PRODUCT_NAME = "$(TARGET_NAME)";
				SWIFT_VERSION = 5.0;
				TARGETED_DEVICE_FAMILY = "1,2";
			};
			name = Debug;
		};
		BCCCF5DE25CA1F2C0098579B /* Release */ = {
			isa = XCBuildConfiguration;
			buildSettings = {
				ASSETCATALOG_COMPILER_APPICON_NAME = AppIcon;
				ASSETCATALOG_COMPILER_GLOBAL_ACCENT_COLOR_NAME = AccentColor;
				CODE_SIGN_STYLE = Automatic;
				DEVELOPMENT_ASSET_PATHS = "\"BluetoothDemoTest1/Preview Content\"";
				DEVELOPMENT_TEAM = 4B5F6ELE34;
				ENABLE_PREVIEWS = YES;
				INFOPLIST_FILE = BluetoothDemoTest1/Info.plist;
				IPHONEOS_DEPLOYMENT_TARGET = 14.0;
				LD_RUNPATH_SEARCH_PATHS = (
					"$(inherited)",
					"@executable_path/Frameworks",
				);
				PRODUCT_BUNDLE_IDENTIFIER = com.rnd.BluetoothDemoTest1;
				PRODUCT_NAME = "$(TARGET_NAME)";
				SWIFT_VERSION = 5.0;
				TARGETED_DEVICE_FAMILY = "1,2";
			};
			name = Release;
		};
/* End XCBuildConfiguration section */

/* Begin XCConfigurationList section */
		BCCCF5C825CA1F290098579B /* Build configuration list for PBXProject "BluetoothDemoTest1" */ = {
			isa = XCConfigurationList;
			buildConfigurations = (
				BCCCF5DA25CA1F2C0098579B /* Debug */,
				BCCCF5DB25CA1F2C0098579B /* Release */,
			);
			defaultConfigurationIsVisible = 0;
			defaultConfigurationName = Release;
		};
		BCCCF5DC25CA1F2C0098579B /* Build configuration list for PBXNativeTarget "BluetoothDemoTest1" */ = {
			isa = XCConfigurationList;
			buildConfigurations = (
				BCCCF5DD25CA1F2C0098579B /* Debug */,
				BCCCF5DE25CA1F2C0098579B /* Release */,
			);
			defaultConfigurationIsVisible = 0;
			defaultConfigurationName = Release;
		};
/* End XCConfigurationList section */
	};
	rootObject = BCCCF5C525CA1F290098579B /* Project object */;
}
